{
  "name": "heroes-of-dota-server",
  "version": "1.0.0",
  "lockfileVersion": 1,
  "requires": true,
  "dependencies": {
    "@types/crypto-js": {
      "version": "3.1.43",
      "resolved": "https://registry.npmjs.org/@types/crypto-js/-/crypto-js-3.1.43.tgz",
      "integrity": "sha512-EHe/YKctU3IYNBsDmSOPX/7jLHPRlx8WaiDKSY9JCTnJ8XJeM4c0ZJvx+9Gxmr2s2ihI92R+3U/gNL1sq5oRuQ=="
    },
    "@types/node": {
      "version": "10.12.14",
      "resolved": "https://registry.npmjs.org/@types/node/-/node-10.12.14.tgz",
      "integrity": "sha512-0rVcFRhM93kRGAU88ASCjX9Y3FWDCh+33G5Z5evpKOea4xcpLqDGwmo64+DjgaSezTN5j9KdnUzvxhOw7fNciQ=="
    }
  }
}
